// !$*UTF8*$!
{
	archiveVersion = 1;
	classes = {
	};
	objectVersion = 50;
	objects = {

/* Begin PBXBuildFile section */
		898D1865254D9E64006FAE1E /* AppDelegate.swift in Sources */ = {isa = PBXBuildFile; fileRef = 898D1864254D9E64006FAE1E /* AppDelegate.swift */; };
		898D1867254D9E64006FAE1E /* SceneDelegate.swift in Sources */ = {isa = PBXBuildFile; fileRef = 898D1866254D9E64006FAE1E /* SceneDelegate.swift */; };
		898D1869254D9E64006FAE1E /* ViewController.swift in Sources */ = {isa = PBXBuildFile; fileRef = 898D1868254D9E64006FAE1E /* ViewController.swift */; };
		898D186C254D9E64006FAE1E /* Main.storyboard in Resources */ = {isa = PBXBuildFile; fileRef = 898D186A254D9E64006FAE1E /* Main.storyboard */; };
		898D186E254D9E80006FAE1E /* Assets.xcassets in Resources */ = {isa = PBXBuildFile; fileRef = 898D186D254D9E80006FAE1E /* Assets.xcassets */; };
		898D1871254D9E80006FAE1E /* LaunchScreen.storyboard in Resources */ = {isa = PBXBuildFile; fileRef = 898D186F254D9E80006FAE1E /* LaunchScreen.storyboard */; };
		898D187C254D9E81006FAE1E /* WorldTrotterTests.swift in Sources */ = {isa = PBXBuildFile; fileRef = 898D187B254D9E81006FAE1E /* WorldTrotterTests.swift */; };
		898D1887254D9E81006FAE1E /* WorldTrotterUITests.swift in Sources */ = {isa = PBXBuildFile; fileRef = 898D1886254D9E81006FAE1E /* WorldTrotterUITests.swift */; };
/* End PBXBuildFile section */

/* Begin PBXContainerItemProxy section */
		898D1878254D9E81006FAE1E /* PBXContainerItemProxy */ = {
			isa = PBXContainerItemProxy;
			containerPortal = 898D1859254D9E64006FAE1E /* Project object */;
			proxyType = 1;
			remoteGlobalIDString = 898D1860254D9E64006FAE1E;
			remoteInfo = WorldTrotter;
		};
		898D1883254D9E81006FAE1E /* PBXContainerItemProxy */ = {
			isa = PBXContainerItemProxy;
			containerPortal = 898D1859254D9E64006FAE1E /* Project object */;
			proxyType = 1;
			remoteGlobalIDString = 898D1860254D9E64006FAE1E;
			remoteInfo = WorldTrotter;
		};
/* End PBXContainerItemProxy section */

/* Begin PBXFileReference section */
		898D1861254D9E64006FAE1E /* WorldTrotter.app */ = {isa = PBXFileReference; explicitFileType = wrapper.application; includeInIndex = 0; path = WorldTrotter.app; sourceTree = BUILT_PRODUCTS_DIR; };
		898D1864254D9E64006FAE1E /* AppDelegate.swift */ = {isa = PBXFileReference; lastKnownFileType = sourcecode.swift; path = AppDelegate.swift; sourceTree = "<group>"; };
		898D1866254D9E64006FAE1E /* SceneDelegate.swift */ = {isa = PBXFileReference; lastKnownFileType = sourcecode.swift; path = SceneDelegate.swift; sourceTree = "<group>"; };
		898D1868254D9E64006FAE1E /* ViewController.swift */ = {isa = PBXFileReference; lastKnownFileType = sourcecode.swift; path = ViewController.swift; sourceTree = "<group>"; };
		898D186B254D9E64006FAE1E /* Base */ = {isa = PBXFileReference; lastKnownFileType = file.storyboard; name = Base; path = Base.lproj/Main.storyboard; sourceTree = "<group>"; };
		898D186D254D9E80006FAE1E /* Assets.xcassets */ = {isa = PBXFileReference; lastKnownFileType = folder.assetcatalog; path = Assets.xcassets; sourceTree = "<group>"; };
		898D1870254D9E80006FAE1E /* Base */ = {isa = PBXFileReference; lastKnownFileType = file.storyboard; name = Base; path = Base.lproj/LaunchScreen.storyboard; sourceTree = "<group>"; };
		898D1872254D9E80006FAE1E /* Info.plist */ = {isa = PBXFileReference; lastKnownFileType = text.plist.xml; path = Info.plist; sourceTree = "<group>"; };
		898D1877254D9E81006FAE1E /* WorldTrotterTests.xctest */ = {isa = PBXFileReference; explicitFileType = wrapper.cfbundle; includeInIndex = 0; path = WorldTrotterTests.xctest; sourceTree = BUILT_PRODUCTS_DIR; };
		898D187B254D9E81006FAE1E /* WorldTrotterTests.swift */ = {isa = PBXFileReference; lastKnownFileType = sourcecode.swift; path = WorldTrotterTests.swift; sourceTree = "<group>"; };
		898D187D254D9E81006FAE1E /* Info.plist */ = {isa = PBXFileReference; lastKnownFileType = text.plist.xml; path = Info.plist; sourceTree = "<group>"; };
		898D1882254D9E81006FAE1E /* WorldTrotterUITests.xctest */ = {isa = PBXFileReference; explicitFileType = wrapper.cfbundle; includeInIndex = 0; path = WorldTrotterUITests.xctest; sourceTree = BUILT_PRODUCTS_DIR; };
		898D1886254D9E81006FAE1E /* WorldTrotterUITests.swift */ = {isa = PBXFileReference; lastKnownFileType = sourcecode.swift; path = WorldTrotterUITests.swift; sourceTree = "<group>"; };
		898D1888254D9E81006FAE1E /* Info.plist */ = {isa = PBXFileReference; lastKnownFileType = text.plist.xml; path = Info.plist; sourceTree = "<group>"; };
/* End PBXFileReference section */

/* Begin PBXFrameworksBuildPhase section */
		898D185E254D9E64006FAE1E /* Frameworks */ = {
			isa = PBXFrameworksBuildPhase;
			buildActionMask = 2147483647;
			files = (
			);
			runOnlyForDeploymentPostprocessing = 0;
		};
		898D1874254D9E81006FAE1E /* Frameworks */ = {
			isa = PBXFrameworksBuildPhase;
			buildActionMask = 2147483647;
			files = (
			);
			runOnlyForDeploymentPostprocessing = 0;
		};
		898D187F254D9E81006FAE1E /* Frameworks */ = {
			isa = PBXFrameworksBuildPhase;
			buildActionMask = 2147483647;
			files = (
			);
			runOnlyForDeploymentPostprocessing = 0;
		};
/* End PBXFrameworksBuildPhase section */

/* Begin PBXGroup section */
		898D1858254D9E64006FAE1E = {
			isa = PBXGroup;
			children = (
				898D1863254D9E64006FAE1E /* WorldTrotter */,
				898D187A254D9E81006FAE1E /* WorldTrotterTests */,
				898D1885254D9E81006FAE1E /* WorldTrotterUITests */,
				898D1862254D9E64006FAE1E /* Products */,
			);
			sourceTree = "<group>";
		};
		898D1862254D9E64006FAE1E /* Products */ = {
			isa = PBXGroup;
			children = (
				898D1861254D9E64006FAE1E /* WorldTrotter.app */,
				898D1877254D9E81006FAE1E /* WorldTrotterTests.xctest */,
				898D1882254D9E81006FAE1E /* WorldTrotterUITests.xctest */,
			);
			name = Products;
			sourceTree = "<group>";
		};
		898D1863254D9E64006FAE1E /* WorldTrotter */ = {
			isa = PBXGroup;
			children = (
				898D1864254D9E64006FAE1E /* AppDelegate.swift */,
				898D1866254D9E64006FAE1E /* SceneDelegate.swift */,
				898D1868254D9E64006FAE1E /* ViewController.swift */,
				898D186A254D9E64006FAE1E /* Main.storyboard */,
				898D186D254D9E80006FAE1E /* Assets.xcassets */,
				898D186F254D9E80006FAE1E /* LaunchScreen.storyboard */,
				898D1872254D9E80006FAE1E /* Info.plist */,
			);
			path = WorldTrotter;
			sourceTree = "<group>";
		};
		898D187A254D9E81006FAE1E /* WorldTrotterTests */ = {
			isa = PBXGroup;
			children = (
				898D187B254D9E81006FAE1E /* WorldTrotterTests.swift */,
				898D187D254D9E81006FAE1E /* Info.plist */,
			);
			path = WorldTrotterTests;
			sourceTree = "<group>";
		};
		898D1885254D9E81006FAE1E /* WorldTrotterUITests */ = {
			isa = PBXGroup;
			children = (
				898D1886254D9E81006FAE1E /* WorldTrotterUITests.swift */,
				898D1888254D9E81006FAE1E /* Info.plist */,
			);
			path = WorldTrotterUITests;
			sourceTree = "<group>";
		};
/* End PBXGroup section */

/* Begin PBXNativeTarget section */
		898D1860254D9E64006FAE1E /* WorldTrotter */ = {
			isa = PBXNativeTarget;
			buildConfigurationList = 898D188B254D9E81006FAE1E /* Build configuration list for PBXNativeTarget "WorldTrotter" */;
			buildPhases = (
				898D185D254D9E64006FAE1E /* Sources */,
				898D185E254D9E64006FAE1E /* Frameworks */,
				898D185F254D9E64006FAE1E /* Resources */,
			);
			buildRules = (
			);
			dependencies = (
			);
			name = WorldTrotter;
			productName = WorldTrotter;
			productReference = 898D1861254D9E64006FAE1E /* WorldTrotter.app */;
			productType = "com.apple.product-type.application";
		};
		898D1876254D9E81006FAE1E /* WorldTrotterTests */ = {
			isa = PBXNativeTarget;
			buildConfigurationList = 898D188E254D9E81006FAE1E /* Build configuration list for PBXNativeTarget "WorldTrotterTests" */;
			buildPhases = (
				898D1873254D9E81006FAE1E /* Sources */,
				898D1874254D9E81006FAE1E /* Frameworks */,
				898D1875254D9E81006FAE1E /* Resources */,
			);
			buildRules = (
			);
			dependencies = (
				898D1879254D9E81006FAE1E /* PBXTargetDependency */,
			);
			name = WorldTrotterTests;
			productName = WorldTrotterTests;
			productReference = 898D1877254D9E81006FAE1E /* WorldTrotterTests.xctest */;
			productType = "com.apple.product-type.bundle.unit-test";
		};
		898D1881254D9E81006FAE1E /* WorldTrotterUITests */ = {
			isa = PBXNativeTarget;
			buildConfigurationList = 898D1891254D9E81006FAE1E /* Build configuration list for PBXNativeTarget "WorldTrotterUITests" */;
			buildPhases = (
				898D187E254D9E81006FAE1E /* Sources */,
				898D187F254D9E81006FAE1E /* Frameworks */,
				898D1880254D9E81006FAE1E /* Resources */,
			);
			buildRules = (
			);
			dependencies = (
				898D1884254D9E81006FAE1E /* PBXTargetDependency */,
			);
			name = WorldTrotterUITests;
			productName = WorldTrotterUITests;
			productReference = 898D1882254D9E81006FAE1E /* WorldTrotterUITests.xctest */;
			productType = "com.apple.product-type.bundle.ui-testing";
		};
/* End PBXNativeTarget section */

/* Begin PBXProject section */
		898D1859254D9E64006FAE1E /* Project object */ = {
			isa = PBXProject;
			attributes = {
				LastSwiftUpdateCheck = 1130;
				LastUpgradeCheck = 1130;
				ORGANIZATIONNAME = PBApps;
				TargetAttributes = {
					898D1860254D9E64006FAE1E = {
						CreatedOnToolsVersion = 11.3.1;
					};
					898D1876254D9E81006FAE1E = {
						CreatedOnToolsVersion = 11.3.1;
						TestTargetID = 898D1860254D9E64006FAE1E;
					};
					898D1881254D9E81006FAE1E = {
						CreatedOnToolsVersion = 11.3.1;
						TestTargetID = 898D1860254D9E64006FAE1E;
					};
				};
			};
			buildConfigurationList = 898D185C254D9E64006FAE1E /* Build configuration list for PBXProject "WorldTrotter" */;
			compatibilityVersion = "Xcode 9.3";
			developmentRegion = en;
			hasScannedForEncodings = 0;
			knownRegions = (
				en,
				Base,
			);
			mainGroup = 898D1858254D9E64006FAE1E;
			productRefGroup = 898D1862254D9E64006FAE1E /* Products */;
			projectDirPath = "";
			projectRoot = "";
			targets = (
				898D1860254D9E64006FAE1E /* WorldTrotter */,
				898D1876254D9E81006FAE1E /* WorldTrotterTests */,
				898D1881254D9E81006FAE1E /* WorldTrotterUITests */,
			);
		};
/* End PBXProject section */

/* Begin PBXResourcesBuildPhase section */
		898D185F254D9E64006FAE1E /* Resources */ = {
			isa = PBXResourcesBuildPhase;
			buildActionMask = 2147483647;
			files = (
				898D1871254D9E80006FAE1E /* LaunchScreen.storyboard in Resources */,
				898D186E254D9E80006FAE1E /* Assets.xcassets in Resources */,
				898D186C254D9E64006FAE1E /* Main.storyboard in Resources */,
			);
			runOnlyForDeploymentPostprocessing = 0;
		};
		898D1875254D9E81006FAE1E /* Resources */ = {
			isa = PBXResourcesBuildPhase;
			buildActionMask = 2147483647;
			files = (
			);
			runOnlyForDeploymentPostprocessing = 0;
		};
		898D1880254D9E81006FAE1E /* Resources */ = {
			isa = PBXResourcesBuildPhase;
			buildActionMask = 2147483647;
			files = (
			);
			runOnlyForDeploymentPostprocessing = 0;
		};
/* End PBXResourcesBuildPhase section */

/* Begin PBXSourcesBuildPhase section */
		898D185D254D9E64006FAE1E /* Sources */ = {
			isa = PBXSourcesBuildPhase;
			buildActionMask = 2147483647;
			files = (
				898D1869254D9E64006FAE1E /* ViewController.swift in Sources */,
				898D1865254D9E64006FAE1E /* AppDelegate.swift in Sources */,
				898D1867254D9E64006FAE1E /* SceneDelegate.swift in Sources */,
			);
			runOnlyForDeploymentPostprocessing = 0;
		};
		898D1873254D9E81006FAE1E /* Sources */ = {
			isa = PBXSourcesBuildPhase;
			buildActionMask = 2147483647;
			files = (
				898D187C254D9E81006FAE1E /* WorldTrotterTests.swift in Sources */,
			);
			runOnlyForDeploymentPostprocessing = 0;
		};
		898D187E254D9E81006FAE1E /* Sources */ = {
			isa = PBXSourcesBuildPhase;
			buildActionMask = 2147483647;
			files = (
				898D1887254D9E81006FAE1E /* WorldTrotterUITests.swift in Sources */,
			);
			runOnlyForDeploymentPostprocessing = 0;
		};
/* End PBXSourcesBuildPhase section */

/* Begin PBXTargetDependency section */
		898D1879254D9E81006FAE1E /* PBXTargetDependency */ = {
			isa = PBXTargetDependency;
			target = 898D1860254D9E64006FAE1E /* WorldTrotter */;
			targetProxy = 898D1878254D9E81006FAE1E /* PBXContainerItemProxy */;
		};
		898D1884254D9E81006FAE1E /* PBXTargetDependency */ = {
			isa = PBXTargetDependency;
			target = 898D1860254D9E64006FAE1E /* WorldTrotter */;
			targetProxy = 898D1883254D9E81006FAE1E /* PBXContainerItemProxy */;
		};
/* End PBXTargetDependency section */

/* Begin PBXVariantGroup section */
		898D186A254D9E64006FAE1E /* Main.storyboard */ = {
			isa = PBXVariantGroup;
			children = (
				898D186B254D9E64006FAE1E /* Base */,
			);
			name = Main.storyboard;
			sourceTree = "<group>";
		};
		898D186F254D9E80006FAE1E /* LaunchScreen.storyboard */ = {
			isa = PBXVariantGroup;
			children = (
				898D1870254D9E80006FAE1E /* Base */,
			);
			name = LaunchScreen.storyboard;
			sourceTree = "<group>";
		};
/* End PBXVariantGroup section */

/* Begin XCBuildConfiguration section */
		898D1889254D9E81006FAE1E /* Debug */ = {
			isa = XCBuildConfiguration;
			buildSettings = {
				ALWAYS_SEARCH_USER_PATHS = NO;
				CLANG_ANALYZER_NONNULL = YES;
				CLANG_ANALYZER_NUMBER_OBJECT_CONVERSION = YES_AGGRESSIVE;
				CLANG_CXX_LANGUAGE_STANDARD = "gnu++14";
				CLANG_CXX_LIBRARY = "libc++";
				CLANG_ENABLE_MODULES = YES;
				CLANG_ENABLE_OBJC_ARC = YES;
				CLANG_ENABLE_OBJC_WEAK = YES;
				CLANG_WARN_BLOCK_CAPTURE_AUTORELEASING = YES;
				CLANG_WARN_BOOL_CONVERSION = YES;
				CLANG_WARN_COMMA = YES;
				CLANG_WARN_CONSTANT_CONVERSION = YES;
				CLANG_WARN_DEPRECATED_OBJC_IMPLEMENTATIONS = YES;
				CLANG_WARN_DIRECT_OBJC_ISA_USAGE = YES_ERROR;
				CLANG_WARN_DOCUMENTATION_COMMENTS = YES;
				CLANG_WARN_EMPTY_BODY = YES;
				CLANG_WARN_ENUM_CONVERSION = YES;
				CLANG_WARN_INFINITE_RECURSION = YES;
				CLANG_WARN_INT_CONVERSION = YES;
				CLANG_WARN_NON_LITERAL_NULL_CONVERSION = YES;
				CLANG_WARN_OBJC_IMPLICIT_RETAIN_SELF = YES;
				CLANG_WARN_OBJC_LITERAL_CONVERSION = YES;
				CLANG_WARN_OBJC_ROOT_CLASS = YES_ERROR;
				CLANG_WARN_RANGE_LOOP_ANALYSIS = YES;
				CLANG_WARN_STRICT_PROTOTYPES = YES;
				CLANG_WARN_SUSPICIOUS_MOVE = YES;
				CLANG_WARN_UNGUARDED_AVAILABILITY = YES_AGGRESSIVE;
				CLANG_WARN_UNREACHABLE_CODE = YES;
				CLANG_WARN__DUPLICATE_METHOD_MATCH = YES;
				COPY_PHASE_STRIP = NO;
				DEBUG_INFORMATION_FORMAT = dwarf;
				ENABLE_STRICT_OBJC_MSGSEND = YES;
				ENABLE_TESTABILITY = YES;
				GCC_C_LANGUAGE_STANDARD = gnu11;
				GCC_DYNAMIC_NO_PIC = NO;
				GCC_NO_COMMON_BLOCKS = YES;
				GCC_OPTIMIZATION_LEVEL = 0;
				GCC_PREPROCESSOR_DEFINITIONS = (
					"DEBUG=1",
					"$(inherited)",
				);
				GCC_WARN_64_TO_32_BIT_CONVERSION = YES;
				GCC_WARN_ABOUT_RETURN_TYPE = YES_ERROR;
				GCC_WARN_UNDECLARED_SELECTOR = YES;
				GCC_WARN_UNINITIALIZED_AUTOS = YES_AGGRESSIVE;
				GCC_WARN_UNUSED_FUNCTION = YES;
				GCC_WARN_UNUSED_VARIABLE = YES;
				IPHONEOS_DEPLOYMENT_TARGET = 13.2;
				MTL_ENABLE_DEBUG_INFO = INCLUDE_SOURCE;
				MTL_FAST_MATH = YES;
				ONLY_ACTIVE_ARCH = YES;
				SDKROOT = iphoneos;
				SWIFT_ACTIVE_COMPILATION_CONDITIONS = DEBUG;
				SWIFT_OPTIMIZATION_LEVEL = "-Onone";
			};
			name = Debug;
		};
		898D188A254D9E81006FAE1E /* Release */ = {
			isa = XCBuildConfiguration;
			buildSettings = {
				ALWAYS_SEARCH_USER_PATHS = NO;
				CLANG_ANALYZER_NONNULL = YES;
				CLANG_ANALYZER_NUMBER_OBJECT_CONVERSION = YES_AGGRESSIVE;
				CLANG_CXX_LANGUAGE_STANDARD = "gnu++14";
				CLANG_CXX_LIBRARY = "libc++";
				CLANG_ENABLE_MODULES = YES;
				CLANG_ENABLE_OBJC_ARC = YES;
				CLANG_ENABLE_OBJC_WEAK = YES;
				CLANG_WARN_BLOCK_CAPTURE_AUTORELEASING = YES;
				CLANG_WARN_BOOL_CONVERSION = YES;
				CLANG_WARN_COMMA = YES;
				CLANG_WARN_CONSTANT_CONVERSION = YES;
				CLANG_WARN_DEPRECATED_OBJC_IMPLEMENTATIONS = YES;
				CLANG_WARN_DIRECT_OBJC_ISA_USAGE = YES_ERROR;
				CLANG_WARN_DOCUMENTATION_COMMENTS = YES;
				CLANG_WARN_EMPTY_BODY = YES;
				CLANG_WARN_ENUM_CONVERSION = YES;
				CLANG_WARN_INFINITE_RECURSION = YES;
				CLANG_WARN_INT_CONVERSION = YES;
				CLANG_WARN_NON_LITERAL_NULL_CONVERSION = YES;
				CLANG_WARN_OBJC_IMPLICIT_RETAIN_SELF = YES;
				CLANG_WARN_OBJC_LITERAL_CONVERSION = YES;
				CLANG_WARN_OBJC_ROOT_CLASS = YES_ERROR;
				CLANG_WARN_RANGE_LOOP_ANALYSIS = YES;
				CLANG_WARN_STRICT_PROTOTYPES = YES;
				CLANG_WARN_SUSPICIOUS_MOVE = YES;
				CLANG_WARN_UNGUARDED_AVAILABILITY = YES_AGGRESSIVE;
				CLANG_WARN_UNREACHABLE_CODE = YES;
				CLANG_WARN__DUPLICATE_METHOD_MATCH = YES;
				COPY_PHASE_STRIP = NO;
				DEBUG_INFORMATION_FORMAT = "dwarf-with-dsym";
				ENABLE_NS_ASSERTIONS = NO;
				ENABLE_STRICT_OBJC_MSGSEND = YES;
				GCC_C_LANGUAGE_STANDARD = gnu11;
				GCC_NO_COMMON_BLOCKS = YES;
				GCC_WARN_64_TO_32_BIT_CONVERSION = YES;
				GCC_WARN_ABOUT_RETURN_TYPE = YES_ERROR;
				GCC_WARN_UNDECLARED_SELECTOR = YES;
				GCC_WARN_UNINITIALIZED_AUTOS = YES_AGGRESSIVE;
				GCC_WARN_UNUSED_FUNCTION = YES;
				GCC_WARN_UNUSED_VARIABLE = YES;
				IPHONEOS_DEPLOYMENT_TARGET = 13.2;
				MTL_ENABLE_DEBUG_INFO = NO;
				MTL_FAST_MATH = YES;
				SDKROOT = iphoneos;
				SWIFT_COMPILATION_MODE = wholemodule;
				SWIFT_OPTIMIZATION_LEVEL = "-O";
				VALIDATE_PRODUCT = YES;
			};
			name = Release;
		};
		898D188C254D9E81006FAE1E /* Debug */ = {
			isa = XCBuildConfiguration;
			buildSettings = {
				ASSETCATALOG_COMPILER_APPICON_NAME = AppIcon;
				CODE_SIGN_STYLE = Automatic;
				INFOPLIST_FILE = WorldTrotter/Info.plist;
				LD_RUNPATH_SEARCH_PATHS = (
					"$(inherited)",
					"@executable_path/Frameworks",
				);
				PRODUCT_BUNDLE_IDENTIFIER = com.pbapps.WorldTrotter;
				PRODUCT_NAME = "$(TARGET_NAME)";
				SWIFT_VERSION = 5.0;
				TARGETED_DEVICE_FAMILY = "1,2";
			};
			name = Debug;
		};
		898D188D254D9E81006FAE1E /* Release */ = {
			isa = XCBuildConfiguration;
			buildSettings = {
				ASSETCATALOG_COMPILER_APPICON_NAME = AppIcon;
				CODE_SIGN_STYLE = Automatic;
				INFOPLIST_FILE = WorldTrotter/Info.plist;
				LD_RUNPATH_SEARCH_PATHS = (
					"$(inherited)",
					"@executable_path/Frameworks",
				);
				PRODUCT_BUNDLE_IDENTIFIER = com.pbapps.WorldTrotter;
				PRODUCT_NAME = "$(TARGET_NAME)";
				SWIFT_VERSION = 5.0;
				TARGETED_DEVICE_FAMILY = "1,2";
			};
			name = Release;
		};
		898D188F254D9E81006FAE1E /* Debug */ = {
			isa = XCBuildConfiguration;
			buildSettings = {
				ALWAYS_EMBED_SWIFT_STANDARD_LIBRARIES = YES;
				BUNDLE_LOADER = "$(TEST_HOST)";
				CODE_SIGN_STYLE = Automatic;
				INFOPLIST_FILE = WorldTrotterTests/Info.plist;
				IPHONEOS_DEPLOYMENT_TARGET = 13.2;
				LD_RUNPATH_SEARCH_PATHS = (
					"$(inherited)",
					"@executable_path/Frameworks",
					"@loader_path/Frameworks",
				);
				PRODUCT_BUNDLE_IDENTIFIER = com.pbapps.WorldTrotterTests;
				PRODUCT_NAME = "$(TARGET_NAME)";
				SWIFT_VERSION = 5.0;
				TARGETED_DEVICE_FAMILY = "1,2";
				TEST_HOST = "$(BUILT_PRODUCTS_DIR)/WorldTrotter.app/WorldTrotter";
			};
			name = Debug;
		};
		898D1890254D9E81006FAE1E /* Release */ = {
			isa = XCBuildConfiguration;
			buildSettings = {
				ALWAYS_EMBED_SWIFT_STANDARD_LIBRARIES = YES;
				BUNDLE_LOADER = "$(TEST_HOST)";
				CODE_SIGN_STYLE = Automatic;
				INFOPLIST_FILE = WorldTrotterTests/Info.plist;
				IPHONEOS_DEPLOYMENT_TARGET = 13.2;
				LD_RUNPATH_SEARCH_PATHS = (
					"$(inherited)",
					"@executable_path/Frameworks",
					"@loader_path/Frameworks",
				);
				PRODUCT_BUNDLE_IDENTIFIER = com.pbapps.WorldTrotterTests;
				PRODUCT_NAME = "$(TARGET_NAME)";
				SWIFT_VERSION = 5.0;
				TARGETED_DEVICE_FAMILY = "1,2";
				TEST_HOST = "$(BUILT_PRODUCTS_DIR)/WorldTrotter.app/WorldTrotter";
			};
			name = Release;
		};
		898D1892254D9E81006FAE1E /* Debug */ = {
			isa = XCBuildConfiguration;
			buildSettings = {
				ALWAYS_EMBED_SWIFT_STANDARD_LIBRARIES = YES;
				CODE_SIGN_STYLE = Automatic;
				INFOPLIST_FILE = WorldTrotterUITests/Info.plist;
				LD_RUNPATH_SEARCH_PATHS = (
					"$(inherited)",
					"@executable_path/Frameworks",
					"@loader_path/Frameworks",
				);
				PRODUCT_BUNDLE_IDENTIFIER = com.pbapps.WorldTrotterUITests;
				PRODUCT_NAME = "$(TARGET_NAME)";
				SWIFT_VERSION = 5.0;
				TARGETED_DEVICE_FAMILY = "1,2";
				TEST_TARGET_NAME = WorldTrotter;
			};
			name = Debug;
		};
		898D1893254D9E81006FAE1E /* Release */ = {
			isa = XCBuildConfiguration;
			buildSettings = {
				ALWAYS_EMBED_SWIFT_STANDARD_LIBRARIES = YES;
				CODE_SIGN_STYLE = Automatic;
				INFOPLIST_FILE = WorldTrotterUITests/Info.plist;
				LD_RUNPATH_SEARCH_PATHS = (
					"$(inherited)",
					"@executable_path/Frameworks",
					"@loader_path/Frameworks",
				);
				PRODUCT_BUNDLE_IDENTIFIER = com.pbapps.WorldTrotterUITests;
				PRODUCT_NAME = "$(TARGET_NAME)";
				SWIFT_VERSION = 5.0;
				TARGETED_DEVICE_FAMILY = "1,2";
				TEST_TARGET_NAME = WorldTrotter;
			};
			name = Release;
		};
/* End XCBuildConfiguration section */

/* Begin XCConfigurationList section */
		898D185C254D9E64006FAE1E /* Build configuration list for PBXProject "WorldTrotter" */ = {
			isa = XCConfigurationList;
			buildConfigurations = (
				898D1889254D9E81006FAE1E /* Debug */,
				898D188A254D9E81006FAE1E /* Release */,
			);
			defaultConfigurationIsVisible = 0;
			defaultConfigurationName = Release;
		};
		898D188B254D9E81006FAE1E /* Build configuration list for PBXNativeTarget "WorldTrotter" */ = {
			isa = XCConfigurationList;
			buildConfigurations = (
				898D188C254D9E81006FAE1E /* Debug */,
				898D188D254D9E81006FAE1E /* Release */,
			);
			defaultConfigurationIsVisible = 0;
			defaultConfigurationName = Release;
		};
		898D188E254D9E81006FAE1E /* Build configuration list for PBXNativeTarget "WorldTrotterTests" */ = {
			isa = XCConfigurationList;
			buildConfigurations = (
				898D188F254D9E81006FAE1E /* Debug */,
				898D1890254D9E81006FAE1E /* Release */,
			);
			defaultConfigurationIsVisible = 0;
			defaultConfigurationName = Release;
		};
		898D1891254D9E81006FAE1E /* Build configuration list for PBXNativeTarget "WorldTrotterUITests" */ = {
			isa = XCConfigurationList;
			buildConfigurations = (
				898D1892254D9E81006FAE1E /* Debug */,
				898D1893254D9E81006FAE1E /* Release */,
			);
			defaultConfigurationIsVisible = 0;
			defaultConfigurationName = Release;
		};
/* End XCConfigurationList section */
	};
	rootObject = 898D1859254D9E64006FAE1E /* Project object */;
}
